[[package]]
name = "annotated-types"
version = "0.5.0"
description = "Reusable constraint types to use with typing.Annotated"
category = "main"
optional = false
python-versions = ">=3.7"

[[package]]
name = "anyio"
version = "3.7.1"
description = "High level compatibility layer for multiple asynchronous event loop implementations"
category = "main"
optional = false
python-versions = ">=3.7"

[package.dependencies]
exceptiongroup = {version = "*", markers = "python_version < \"3.11\""}
idna = ">=2.8"
sniffio = ">=1.1"

[package.extras]
doc = ["packaging", "sphinx", "sphinx-rtd-theme (>=1.2.2)", "sphinxcontrib-jquery", "sphinx-autodoc-typehints (>=1.2.0)"]
test = ["anyio", "coverage[toml] (>=4.5)", "hypothesis (>=4.0)", "psutil (>=5.9)", "pytest (>=7.0)", "pytest-mock (>=3.6.1)", "trustme", "uvloop (>=0.17)", "mock (>=4)"]
trio = ["trio (<0.22)"]

[[package]]
name = "black"
version = "23.7.0"
description = "The uncompromising code formatter."
category = "dev"
optional = false
python-versions = ">=3.8"

[package.dependencies]
click = ">=8.0.0"
mypy-extensions = ">=0.4.3"
packaging = ">=22.0"
pathspec = ">=0.9.0"
platformdirs = ">=2"
tomli = {version = ">=1.1.0", markers = "python_version < \"3.11\""}

[package.extras]
colorama = ["colorama (>=0.4.3)"]
d = ["aiohttp (>=3.7.4)"]
jupyter = ["ipython (>=7.8.0)", "tokenize-rt (>=3.2.0)"]
uvloop = ["uvloop (>=0.15.2)"]

[[package]]
name = "certifi"
version = "2023.7.22"
description = "Python package for providing Mozilla's CA Bundle."
category = "main"
optional = false
python-versions = ">=3.6"

[[package]]
name = "click"
version = "8.1.6"
description = "Composable command line interface toolkit"
category = "dev"
optional = false
python-versions = ">=3.7"

[package.dependencies]
colorama = {version = "*", markers = "platform_system == \"Windows\""}

[[package]]
name = "clickhouse-driver"
version = "0.2.6"
description = "Python driver with native interface for ClickHouse"
category = "main"
optional = false
python-versions = ">=3.7, <4"

[package.dependencies]
pytz = "*"
tzlocal = "*"

[package.extras]
lz4 = ["clickhouse-cityhash (>=1.0.2.1)", "lz4", "lz4 (<=3.0.1)"]
numpy = ["numpy (>=1.12.0)", "pandas (>=0.24.0)"]
zstd = ["zstd", "clickhouse-cityhash (>=1.0.2.1)"]

[[package]]
name = "colorama"
version = "0.4.6"
description = "Cross-platform colored terminal text."
category = "dev"
optional = false
python-versions = "!=3.0.*,!=3.1.*,!=3.2.*,!=3.3.*,!=3.4.*,!=3.5.*,!=3.6.*,>=2.7"

[[package]]
name = "exceptiongroup"
version = "1.1.2"
description = "Backport of PEP 654 (exception groups)"
category = "main"
optional = false
python-versions = ">=3.7"

[package.extras]
test = ["pytest (>=6)"]

[[package]]
name = "flake8"
version = "6.1.0"
description = "the modular source code checker: pep8 pyflakes and co"
category = "dev"
optional = false
python-versions = ">=3.8.1"

[package.dependencies]
mccabe = ">=0.7.0,<0.8.0"
pycodestyle = ">=2.11.0,<2.12.0"
pyflakes = ">=3.1.0,<3.2.0"

[[package]]
name = "h11"
version = "0.14.0"
description = "A pure-Python, bring-your-own-I/O implementation of HTTP/1.1"
category = "main"
optional = false
python-versions = ">=3.7"

[[package]]
name = "httpcore"
version = "0.17.3"
description = "A minimal low-level HTTP client."
category = "main"
optional = false
python-versions = ">=3.7"

[package.dependencies]
anyio = ">=3.0,<5.0"
certifi = "*"
h11 = ">=0.13,<0.15"
sniffio = ">=1.0.0,<2.0.0"

[package.extras]
http2 = ["h2 (>=3,<5)"]
socks = ["socksio (>=1.0.0,<2.0.0)"]

[[package]]
name = "httpx"
version = "0.24.1"
description = "The next generation HTTP client."
category = "main"
optional = false
python-versions = ">=3.7"

[package.dependencies]
certifi = "*"
httpcore = ">=0.15.0,<0.18.0"
idna = "*"
sniffio = "*"

[package.extras]
brotli = ["brotli", "brotlicffi"]
cli = ["click (>=8.0.0,<9.0.0)", "pygments (>=2.0.0,<3.0.0)", "rich (>=10,<14)"]
http2 = ["h2 (>=3,<5)"]
socks = ["socksio (>=1.0.0,<2.0.0)"]

[[package]]
name = "idna"
version = "3.4"
description = "Internationalized Domain Names in Applications (IDNA)"
category = "main"
optional = false
python-versions = ">=3.5"

[[package]]
name = "isort"
version = "5.12.0"
description = "A Python utility / library to sort Python imports."
category = "dev"
optional = false
python-versions = ">=3.8.0"

[package.extras]
colors = ["colorama (>=0.4.3)"]
requirements-deprecated-finder = ["pip-api", "pipreqs"]
pipfile-deprecated-finder = ["pip-shims (>=0.5.2)", "pipreqs", "requirementslib"]
plugins = ["setuptools"]

[[package]]
name = "mccabe"
version = "0.7.0"
description = "McCabe checker, plugin for flake8"
category = "dev"
optional = false
python-versions = ">=3.6"

[[package]]
name = "mypy-extensions"
version = "1.0.0"
description = "Type system extensions for programs checked with the mypy type checker."
category = "dev"
optional = false
python-versions = ">=3.5"

[[package]]
name = "packaging"
version = "23.1"
description = "Core utilities for Python packages"
category = "dev"
optional = false
python-versions = ">=3.7"

[[package]]
name = "pathspec"
version = "0.11.2"
description = "Utility library for gitignore style pattern matching of file paths."
category = "dev"
optional = false
python-versions = ">=3.7"

[[package]]
name = "platformdirs"
version = "3.10.0"
description = "A small Python package for determining appropriate platform-specific dirs, e.g. a \"user data dir\"."
category = "dev"
optional = false
python-versions = ">=3.7"

[package.extras]
docs = ["furo (>=2023.7.26)", "proselint (>=0.13)", "sphinx-autodoc-typehints (>=1.24)", "sphinx (>=7.1.1)"]
test = ["appdirs (==1.4.4)", "covdefaults (>=2.3)", "pytest-cov (>=4.1)", "pytest-mock (>=3.11.1)", "pytest (>=7.4)"]

[[package]]
name = "prometheus-client"
version = "0.17.1"
description = "Python client for the Prometheus monitoring system."
category = "main"
optional = false
python-versions = ">=3.6"

[package.extras]
twisted = ["twisted"]

[[package]]
name = "pycodestyle"
version = "2.11.0"
description = "Python style guide checker"
category = "dev"
optional = false
python-versions = ">=3.8"

[[package]]
name = "pydantic"
version = "2.1.1"
description = "Data validation using Python type hints"
category = "main"
optional = false
python-versions = ">=3.7"

[package.dependencies]
annotated-types = ">=0.4.0"
pydantic-core = "2.4.0"
typing-extensions = ">=4.6.1"

[package.extras]
email = ["email-validator (>=2.0.0)"]

[[package]]
name = "pydantic-core"
version = "2.4.0"
description = ""
category = "main"
optional = false
python-versions = ">=3.7"

[package.dependencies]
typing-extensions = ">=4.6.0,<4.7.0 || >4.7.0"

[[package]]
name = "pydantic-settings"
version = "2.0.2"
description = "Settings management using Pydantic"
category = "main"
optional = false
python-versions = ">=3.7"

[package.dependencies]
pydantic = ">=2.0.1"
python-dotenv = ">=0.21.0"

[[package]]
name = "pyflakes"
version = "3.1.0"
description = "passive checker of Python programs"
category = "dev"
optional = false
python-versions = ">=3.8"

[[package]]
name = "python-dotenv"
version = "1.0.0"
description = "Read key-value pairs from a .env file and set them as environment variables"
category = "main"
optional = false
python-versions = ">=3.8"

[package.extras]
cli = ["click (>=5.0)"]

[[package]]
name = "pytz"
version = "2023.3"
description = "World timezone definitions, modern and historical"
category = "main"
optional = false
python-versions = "*"

[[package]]
name = "sniffio"
version = "1.3.0"
description = "Sniff out which async library your code is running under"
category = "main"
optional = false
python-versions = ">=3.7"

[[package]]
name = "tomli"
version = "2.0.1"
description = "A lil' TOML parser"
category = "dev"
optional = false
python-versions = ">=3.7"

[[package]]
name = "typing-extensions"
version = "4.7.1"
description = "Backported and Experimental Type Hints for Python 3.7+"
category = "main"
optional = false
python-versions = ">=3.7"

[[package]]
name = "tzdata"
version = "2023.3"
description = "Provider of IANA time zone data"
category = "main"
optional = false
python-versions = ">=2"

[[package]]
name = "tzlocal"
version = "5.0.1"
description = "tzinfo object for the local timezone"
category = "main"
optional = false
python-versions = ">=3.7"

[package.dependencies]
tzdata = {version = "*", markers = "platform_system == \"Windows\""}

[package.extras]
devenv = ["black", "check-manifest", "flake8", "pyroma", "pytest-cov", "pytest-mock (>=3.3)", "pytest (>=4.3)", "zest.releaser"]

[[package]]
name = "websockets"
version = "11.0.3"
description = "An implementation of the WebSocket Protocol (RFC 6455 & 7692)"
category = "main"
optional = false
python-versions = ">=3.7"

[metadata]
lock-version = "1.1"
python-versions = "^3.10"
content-hash = "8f1f8a9b4fb17536e59ff1b2a906a19b7f62ae44e49d46b184727932f296e6d3"

[metadata.files]
annotated-types = []
anyio = []
black = []
certifi = []
click = []
clickhouse-driver = []
colorama = []
exceptiongroup = []
flake8 = []
h11 = []
httpcore = []
httpx = []
idna = []
isort = []
mccabe = []
mypy-extensions = []
packaging = []
pathspec = []
platformdirs = []
prometheus-client = []
pycodestyle = []
pydantic = []
pydantic-core = []
pydantic-settings = []
pyflakes = []
python-dotenv = []
pytz = []
sniffio = []
tomli = []
typing-extensions = []
tzdata = []
tzlocal = []
websockets = []
